
Microsoft Visual Studio Solution File, Format Version 12.00
# Visual Studio 15
VisualStudioVersion = 15.0.36530.23
MinimumVisualStudioVersion = 10.0.40219.1
Project("{9A19103F-16F7-4668-BE54-9A1E7A4F7556}") = "DecoLimitLifter", "DecoLimitLifter.csproj", "{AB97F3E8-FB54-4215-8C3B-29EBB1899997}"
EndProject
Global
	GlobalSection(SolutionConfigurationPlatforms) = preSolution
		Debug|Any CPU = Debug|Any CPU
		Release|Any CPU = Release|Any CPU
	EndGlobalSection
	GlobalSection(ProjectConfigurationPlatforms) = postSolution
		{AB97F3E8-FB54-4215-8C3B-29EBB1899997}.Debug|Any CPU.ActiveCfg = Debug|Any CPU
		{AB97F3E8-FB54-4215-8C3B-29EBB1899997}.Debug|Any CPU.Build.0 = Debug|Any CPU
		{AB97F3E8-FB54-4215-8C3B-29EBB1899997}.Release|Any CPU.ActiveCfg = Release|Any CPU
		{AB97F3E8-FB54-4215-8C3B-29EBB1899997}.Release|Any CPU.Build.0 = Release|Any CPU
	EndGlobalSection
	GlobalSection(SolutionProperties) = preSolution
		HideSolutionNode = FALSE
	EndGlobalSection
	GlobalSection(ExtensibilityGlobals) = postSolution
		SolutionGuid = {055D342E-F24E-4279-8E26-8B77DBC531EE}
	EndGlobalSection
EndGlobal
